// !$*UTF8*$!
{
	archiveVersion = 1;
	classes = {
	};
	objectVersion = 46;
	objects = {

/* Begin PBXBuildFile section */
		F874CA971AF0393300B61687 /* ACTcpStream.h in CopyFiles */ = {isa = PBXBuildFile; fileRef = F874CA961AF0393300B61687 /* ACTcpStream.h */; };
		F874CA991AF0393300B61687 /* ACTcpStream.m in Sources */ = {isa = PBXBuildFile; fileRef = F874CA981AF0393300B61687 /* ACTcpStream.m */; };
		F874CA9F1AF0393300B61687 /* libACTcpStream.a in Frameworks */ = {isa = PBXBuildFile; fileRef = F874CA931AF0393300B61687 /* libACTcpStream.a */; };
/* End PBXBuildFile section */

/* Begin PBXContainerItemProxy section */
		F874CAA01AF0393300B61687 /* PBXContainerItemProxy */ = {
			isa = PBXContainerItemProxy;
			containerPortal = F874CA8B1AF0393300B61687 /* Project object */;
			proxyType = 1;
			remoteGlobalIDString = F874CA921AF0393300B61687;
			remoteInfo = ACTcpStream;
		};
/* End PBXContainerItemProxy section */

/* Begin PBXCopyFilesBuildPhase section */
		F874CA911AF0393300B61687 /* CopyFiles */ = {
			isa = PBXCopyFilesBuildPhase;
			buildActionMask = 2147483647;
			dstPath = "include/$(PRODUCT_NAME)";
			dstSubfolderSpec = 16;
			files = (
				F874CA971AF0393300B61687 /* ACTcpStream.h in CopyFiles */,
			);
			runOnlyForDeploymentPostprocessing = 0;
		};
/* End PBXCopyFilesBuildPhase section */

/* Begin PBXFileReference section */
		F874CA931AF0393300B61687 /* libACTcpStream.a */ = {isa = PBXFileReference; explicitFileType = archive.ar; includeInIndex = 0; path = libACTcpStream.a; sourceTree = BUILT_PRODUCTS_DIR; };
		F874CA961AF0393300B61687 /* ACTcpStream.h */ = {isa = PBXFileReference; lastKnownFileType = sourcecode.c.h; path = ACTcpStream.h; sourceTree = "<group>"; };
		F874CA981AF0393300B61687 /* ACTcpStream.m */ = {isa = PBXFileReference; lastKnownFileType = sourcecode.c.objc; path = ACTcpStream.m; sourceTree = "<group>"; };
		F874CA9E1AF0393300B61687 /* ACTcpStreamTests.xctest */ = {isa = PBXFileReference; explicitFileType = wrapper.cfbundle; includeInIndex = 0; path = ACTcpStreamTests.xctest; sourceTree = BUILT_PRODUCTS_DIR; };
		F874CAA41AF0393300B61687 /* Info.plist */ = {isa = PBXFileReference; lastKnownFileType = text.plist.xml; path = Info.plist; sourceTree = "<group>"; };
/* End PBXFileReference section */

/* Begin PBXFrameworksBuildPhase section */
		F874CA901AF0393300B61687 /* Frameworks */ = {
			isa = PBXFrameworksBuildPhase;
			buildActionMask = 2147483647;
			files = (
			);
			runOnlyForDeploymentPostprocessing = 0;
		};
		F874CA9B1AF0393300B61687 /* Frameworks */ = {
			isa = PBXFrameworksBuildPhase;
			buildActionMask = 2147483647;
			files = (
				F874CA9F1AF0393300B61687 /* libACTcpStream.a in Frameworks */,
			);
			runOnlyForDeploymentPostprocessing = 0;
		};
/* End PBXFrameworksBuildPhase section */

/* Begin PBXGroup section */
		F874CA8A1AF0393300B61687 = {
			isa = PBXGroup;
			children = (
				F874CA951AF0393300B61687 /* ACTcpStream */,
				F874CAA21AF0393300B61687 /* ACTcpStreamTests */,
				F874CA941AF0393300B61687 /* Products */,
			);
			sourceTree = "<group>";
		};
		F874CA941AF0393300B61687 /* Products */ = {
			isa = PBXGroup;
			children = (
				F874CA931AF0393300B61687 /* libACTcpStream.a */,
				F874CA9E1AF0393300B61687 /* ACTcpStreamTests.xctest */,
			);
			name = Products;
			sourceTree = "<group>";
		};
		F874CA951AF0393300B61687 /* ACTcpStream */ = {
			isa = PBXGroup;
			children = (
				F874CA961AF0393300B61687 /* ACTcpStream.h */,
				F874CA981AF0393300B61687 /* ACTcpStream.m */,
			);
			path = ACTcpStream;
			sourceTree = "<group>";
		};
		F874CAA21AF0393300B61687 /* ACTcpStreamTests */ = {
			isa = PBXGroup;
			children = (
				F874CAA31AF0393300B61687 /* Supporting Files */,
			);
			path = ACTcpStreamTests;
			sourceTree = "<group>";
		};
		F874CAA31AF0393300B61687 /* Supporting Files */ = {
			isa = PBXGroup;
			children = (
				F874CAA41AF0393300B61687 /* Info.plist */,
			);
			name = "Supporting Files";
			sourceTree = "<group>";
		};
/* End PBXGroup section */

/* Begin PBXNativeTarget section */
		F874CA921AF0393300B61687 /* ACTcpStream */ = {
			isa = PBXNativeTarget;
			buildConfigurationList = F874CAA71AF0393300B61687 /* Build configuration list for PBXNativeTarget "ACTcpStream" */;
			buildPhases = (
				F874CA8F1AF0393300B61687 /* Sources */,
				F874CA901AF0393300B61687 /* Frameworks */,
				F874CA911AF0393300B61687 /* CopyFiles */,
			);
			buildRules = (
			);
			dependencies = (
			);
			name = ACTcpStream;
			productName = ACTcpStream;
			productReference = F874CA931AF0393300B61687 /* libACTcpStream.a */;
			productType = "com.apple.product-type.library.static";
		};
		F874CA9D1AF0393300B61687 /* ACTcpStreamTests */ = {
			isa = PBXNativeTarget;
			buildConfigurationList = F874CAAA1AF0393300B61687 /* Build configuration list for PBXNativeTarget "ACTcpStreamTests" */;
			buildPhases = (
				F874CA9A1AF0393300B61687 /* Sources */,
				F874CA9B1AF0393300B61687 /* Frameworks */,
				F874CA9C1AF0393300B61687 /* Resources */,
			);
			buildRules = (
			);
			dependencies = (
				F874CAA11AF0393300B61687 /* PBXTargetDependency */,
			);
			name = ACTcpStreamTests;
			productName = ACTcpStreamTests;
			productReference = F874CA9E1AF0393300B61687 /* ACTcpStreamTests.xctest */;
			productType = "com.apple.product-type.bundle.unit-test";
		};
/* End PBXNativeTarget section */

/* Begin PBXProject section */
		F874CA8B1AF0393300B61687 /* Project object */ = {
			isa = PBXProject;
			attributes = {
				LastUpgradeCheck = 0630;
				ORGANIZATIONNAME = "appcom interactive GmbH";
				TargetAttributes = {
					F874CA921AF0393300B61687 = {
						CreatedOnToolsVersion = 6.3.1;
					};
					F874CA9D1AF0393300B61687 = {
						CreatedOnToolsVersion = 6.3.1;
					};
				};
			};
			buildConfigurationList = F874CA8E1AF0393300B61687 /* Build configuration list for PBXProject "ACTcpStream" */;
			compatibilityVersion = "Xcode 3.2";
			developmentRegion = English;
			hasScannedForEncodings = 0;
			knownRegions = (
				en,
			);
			mainGroup = F874CA8A1AF0393300B61687;
			productRefGroup = F874CA941AF0393300B61687 /* Products */;
			projectDirPath = "";
			projectRoot = "";
			targets = (
				F874CA921AF0393300B61687 /* ACTcpStream */,
				F874CA9D1AF0393300B61687 /* ACTcpStreamTests */,
			);
		};
/* End PBXProject section */

/* Begin PBXResourcesBuildPhase section */
		F874CA9C1AF0393300B61687 /* Resources */ = {
			isa = PBXResourcesBuildPhase;
			buildActionMask = 2147483647;
			files = (
			);
			runOnlyForDeploymentPostprocessing = 0;
		};
/* End PBXResourcesBuildPhase section */

/* Begin PBXSourcesBuildPhase section */
		F874CA8F1AF0393300B61687 /* Sources */ = {
			isa = PBXSourcesBuildPhase;
			buildActionMask = 2147483647;
			files = (
				F874CA991AF0393300B61687 /* ACTcpStream.m in Sources */,
			);
			runOnlyForDeploymentPostprocessing = 0;
		};
		F874CA9A1AF0393300B61687 /* Sources */ = {
			isa = PBXSourcesBuildPhase;
			buildActionMask = 2147483647;
			files = (
			);
			runOnlyForDeploymentPostprocessing = 0;
		};
/* End PBXSourcesBuildPhase section */

/* Begin PBXTargetDependency section */
		F874CAA11AF0393300B61687 /* PBXTargetDependency */ = {
			isa = PBXTargetDependency;
			target = F874CA921AF0393300B61687 /* ACTcpStream */;
			targetProxy = F874CAA01AF0393300B61687 /* PBXContainerItemProxy */;
		};
/* End PBXTargetDependency section */

/* Begin XCBuildConfiguration section */
		F874CAA51AF0393300B61687 /* Debug */ = {
			isa = XCBuildConfiguration;
			buildSettings = {
				ALWAYS_SEARCH_USER_PATHS = NO;
				CLANG_CXX_LANGUAGE_STANDARD = "gnu++0x";
				CLANG_CXX_LIBRARY = "libc++";
				CLANG_ENABLE_MODULES = YES;
				CLANG_ENABLE_OBJC_ARC = YES;
				CLANG_WARN_BOOL_CONVERSION = YES;
				CLANG_WARN_CONSTANT_CONVERSION = YES;
				CLANG_WARN_DIRECT_OBJC_ISA_USAGE = YES_ERROR;
				CLANG_WARN_EMPTY_BODY = YES;
				CLANG_WARN_ENUM_CONVERSION = YES;
				CLANG_WARN_INT_CONVERSION = YES;
				CLANG_WARN_OBJC_ROOT_CLASS = YES_ERROR;
				CLANG_WARN_UNREACHABLE_CODE = YES;
				CLANG_WARN__DUPLICATE_METHOD_MATCH = YES;
				COPY_PHASE_STRIP = NO;
				DEBUG_INFORMATION_FORMAT = "dwarf-with-dsym";
				ENABLE_STRICT_OBJC_MSGSEND = YES;
				GCC_C_LANGUAGE_STANDARD = gnu99;
				GCC_DYNAMIC_NO_PIC = NO;
				GCC_NO_COMMON_BLOCKS = YES;
				GCC_OPTIMIZATION_LEVEL = 0;
				GCC_PREPROCESSOR_DEFINITIONS = (
					"DEBUG=1",
					"$(inherited)",
				);
				GCC_SYMBOLS_PRIVATE_EXTERN = NO;
				GCC_WARN_64_TO_32_BIT_CONVERSION = YES;
				GCC_WARN_ABOUT_RETURN_TYPE = YES_ERROR;
				GCC_WARN_UNDECLARED_SELECTOR = YES;
				GCC_WARN_UNINITIALIZED_AUTOS = YES_AGGRESSIVE;
				GCC_WARN_UNUSED_FUNCTION = YES;
				GCC_WARN_UNUSED_VARIABLE = YES;
				IPHONEOS_DEPLOYMENT_TARGET = 8.3;
				MTL_ENABLE_DEBUG_INFO = YES;
				ONLY_ACTIVE_ARCH = YES;
				SDKROOT = iphoneos;
			};
			name = Debug;
		};
		F874CAA61AF0393300B61687 /* Release */ = {
			isa = XCBuildConfiguration;
			buildSettings = {
				ALWAYS_SEARCH_USER_PATHS = NO;
				CLANG_CXX_LANGUAGE_STANDARD = "gnu++0x";
				CLANG_CXX_LIBRARY = "libc++";
				CLANG_ENABLE_MODULES = YES;
				CLANG_ENABLE_OBJC_ARC = YES;
				CLANG_WARN_BOOL_CONVERSION = YES;
				CLANG_WARN_CONSTANT_CONVERSION = YES;
				CLANG_WARN_DIRECT_OBJC_ISA_USAGE = YES_ERROR;
				CLANG_WARN_EMPTY_BODY = YES;
				CLANG_WARN_ENUM_CONVERSION = YES;
				CLANG_WARN_INT_CONVERSION = YES;
				CLANG_WARN_OBJC_ROOT_CLASS = YES_ERROR;
				CLANG_WARN_UNREACHABLE_CODE = YES;
				CLANG_WARN__DUPLICATE_METHOD_MATCH = YES;
				COPY_PHASE_STRIP = NO;
				DEBUG_INFORMATION_FORMAT = "dwarf-with-dsym";
				ENABLE_NS_ASSERTIONS = NO;
				ENABLE_STRICT_OBJC_MSGSEND = YES;
				GCC_C_LANGUAGE_STANDARD = gnu99;
				GCC_NO_COMMON_BLOCKS = YES;
				GCC_WARN_64_TO_32_BIT_CONVERSION = YES;
				GCC_WARN_ABOUT_RETURN_TYPE = YES_ERROR;
				GCC_WARN_UNDECLARED_SELECTOR = YES;
				GCC_WARN_UNINITIALIZED_AUTOS = YES_AGGRESSIVE;
				GCC_WARN_UNUSED_FUNCTION = YES;
				GCC_WARN_UNUSED_VARIABLE = YES;
				IPHONEOS_DEPLOYMENT_TARGET = 8.3;
				MTL_ENABLE_DEBUG_INFO = NO;
				SDKROOT = iphoneos;
				VALIDATE_PRODUCT = YES;
			};
			name = Release;
		};
		F874CAA81AF0393300B61687 /* Debug */ = {
			isa = XCBuildConfiguration;
			buildSettings = {
				OTHER_LDFLAGS = "-ObjC";
				PRODUCT_NAME = "$(TARGET_NAME)";
				SKIP_INSTALL = YES;
			};
			name = Debug;
		};
		F874CAA91AF0393300B61687 /* Release */ = {
			isa = XCBuildConfiguration;
			buildSettings = {
				OTHER_LDFLAGS = "-ObjC";
				PRODUCT_NAME = "$(TARGET_NAME)";
				SKIP_INSTALL = YES;
			};
			name = Release;
		};
		F874CAAB1AF0393300B61687 /* Debug */ = {
			isa = XCBuildConfiguration;
			buildSettings = {
				"CODE_SIGN_IDENTITY[sdk=iphoneos*]" = "iPhone Developer";
				FRAMEWORK_SEARCH_PATHS = (
					"$(SDKROOT)/Developer/Library/Frameworks",
					"$(inherited)",
				);
				GCC_PREPROCESSOR_DEFINITIONS = (
					"DEBUG=1",
					"$(inherited)",
				);
				INFOPLIST_FILE = ACTcpStreamTests/Info.plist;
				LD_RUNPATH_SEARCH_PATHS = "$(inherited) @executable_path/Frameworks @loader_path/Frameworks";
				PRODUCT_NAME = "$(TARGET_NAME)";
			};
			name = Debug;
		};
		F874CAAC1AF0393300B61687 /* Release */ = {
			isa = XCBuildConfiguration;
			buildSettings = {
				"CODE_SIGN_IDENTITY[sdk=iphoneos*]" = "iPhone Developer";
				FRAMEWORK_SEARCH_PATHS = (
					"$(SDKROOT)/Developer/Library/Frameworks",
					"$(inherited)",
				);
				INFOPLIST_FILE = ACTcpStreamTests/Info.plist;
				LD_RUNPATH_SEARCH_PATHS = "$(inherited) @executable_path/Frameworks @loader_path/Frameworks";
				PRODUCT_NAME = "$(TARGET_NAME)";
			};
			name = Release;
		};
/* End XCBuildConfiguration section */

/* Begin XCConfigurationList section */
		F874CA8E1AF0393300B61687 /* Build configuration list for PBXProject "ACTcpStream" */ = {
			isa = XCConfigurationList;
			buildConfigurations = (
				F874CAA51AF0393300B61687 /* Debug */,
				F874CAA61AF0393300B61687 /* Release */,
			);
			defaultConfigurationIsVisible = 0;
			defaultConfigurationName = Release;
		};
		F874CAA71AF0393300B61687 /* Build configuration list for PBXNativeTarget "ACTcpStream" */ = {
			isa = XCConfigurationList;
			buildConfigurations = (
				F874CAA81AF0393300B61687 /* Debug */,
				F874CAA91AF0393300B61687 /* Release */,
			);
			defaultConfigurationIsVisible = 0;
		};
		F874CAAA1AF0393300B61687 /* Build configuration list for PBXNativeTarget "ACTcpStreamTests" */ = {
			isa = XCConfigurationList;
			buildConfigurations = (
				F874CAAB1AF0393300B61687 /* Debug */,
				F874CAAC1AF0393300B61687 /* Release */,
			);
			defaultConfigurationIsVisible = 0;
		};
/* End XCConfigurationList section */
	};
	rootObject = F874CA8B1AF0393300B61687 /* Project object */;
}
