// !$*UTF8*$!
{
	archiveVersion = 1;
	classes = {
	};
	objectVersion = 46;
	objects = {

/* Begin PBXBuildFile section */
		F81C94AD1AF0B20E008987F6 /* main.m in Sources */ = {isa = PBXBuildFile; fileRef = F81C94AC1AF0B20E008987F6 /* main.m */; };
		F81C94CC1AF0DE91008987F6 /* ACTcpStreamClient.m in Sources */ = {isa = PBXBuildFile; fileRef = F874CA981AF0393300B61687 /* ACTcpStreamClient.m */; };
		F81C94CD1AF0DE94008987F6 /* ACTcpStreamClient.m in Sources */ = {isa = PBXBuildFile; fileRef = F874CA981AF0393300B61687 /* ACTcpStreamClient.m */; };
		F874CA971AF0393300B61687 /* ACTcpStreamClient.h in CopyFiles */ = {isa = PBXBuildFile; fileRef = F874CA961AF0393300B61687 /* ACTcpStreamClient.h */; };
		F874CA991AF0393300B61687 /* ACTcpStreamClient.m in Sources */ = {isa = PBXBuildFile; fileRef = F874CA981AF0393300B61687 /* ACTcpStreamClient.m */; };
/* End PBXBuildFile section */

/* Begin PBXCopyFilesBuildPhase section */
		F81C94A81AF0B20E008987F6 /* CopyFiles */ = {
			isa = PBXCopyFilesBuildPhase;
			buildActionMask = 2147483647;
			dstPath = /usr/share/man/man1/;
			dstSubfolderSpec = 0;
			files = (
			);
			runOnlyForDeploymentPostprocessing = 1;
		};
		F874CA911AF0393300B61687 /* CopyFiles */ = {
			isa = PBXCopyFilesBuildPhase;
			buildActionMask = 2147483647;
			dstPath = "include/$(PRODUCT_NAME)";
			dstSubfolderSpec = 16;
			files = (
				F874CA971AF0393300B61687 /* ACTcpStreamClient.h in CopyFiles */,
			);
			runOnlyForDeploymentPostprocessing = 0;
		};
/* End PBXCopyFilesBuildPhase section */

/* Begin PBXFileReference section */
		F81C94AA1AF0B20E008987F6 /* Example */ = {isa = PBXFileReference; explicitFileType = "compiled.mach-o.executable"; includeInIndex = 0; path = Example; sourceTree = BUILT_PRODUCTS_DIR; };
		F81C94AC1AF0B20E008987F6 /* main.m */ = {isa = PBXFileReference; lastKnownFileType = sourcecode.c.objc; path = main.m; sourceTree = "<group>"; };
		F81C94B51AF0C15E008987F6 /* libACTcpStream.a */ = {isa = PBXFileReference; explicitFileType = archive.ar; includeInIndex = 0; path = libACTcpStream.a; sourceTree = BUILT_PRODUCTS_DIR; };
		F874CA931AF0393300B61687 /* libACTcpStream.a */ = {isa = PBXFileReference; explicitFileType = archive.ar; includeInIndex = 0; path = libACTcpStream.a; sourceTree = BUILT_PRODUCTS_DIR; };
		F874CA961AF0393300B61687 /* ACTcpStreamClient.h */ = {isa = PBXFileReference; lastKnownFileType = sourcecode.c.h; path = ACTcpStreamClient.h; sourceTree = "<group>"; };
		F874CA981AF0393300B61687 /* ACTcpStreamClient.m */ = {isa = PBXFileReference; lastKnownFileType = sourcecode.c.objc; path = ACTcpStreamClient.m; sourceTree = "<group>"; };
/* End PBXFileReference section */

/* Begin PBXFrameworksBuildPhase section */
		F81C94A71AF0B20E008987F6 /* Frameworks */ = {
			isa = PBXFrameworksBuildPhase;
			buildActionMask = 2147483647;
			files = (
			);
			runOnlyForDeploymentPostprocessing = 0;
		};
		F81C94B21AF0C15E008987F6 /* Frameworks */ = {
			isa = PBXFrameworksBuildPhase;
			buildActionMask = 2147483647;
			files = (
			);
			runOnlyForDeploymentPostprocessing = 0;
		};
		F874CA901AF0393300B61687 /* Frameworks */ = {
			isa = PBXFrameworksBuildPhase;
			buildActionMask = 2147483647;
			files = (
			);
			runOnlyForDeploymentPostprocessing = 0;
		};
/* End PBXFrameworksBuildPhase section */

/* Begin PBXGroup section */
		F81C94AB1AF0B20E008987F6 /* Example */ = {
			isa = PBXGroup;
			children = (
				F81C94AC1AF0B20E008987F6 /* main.m */,
			);
			path = Example;
			sourceTree = "<group>";
		};
		F874CA8A1AF0393300B61687 = {
			isa = PBXGroup;
			children = (
				F874CA951AF0393300B61687 /* ACTcpStream */,
				F81C94AB1AF0B20E008987F6 /* Example */,
				F874CA941AF0393300B61687 /* Products */,
			);
			sourceTree = "<group>";
		};
		F874CA941AF0393300B61687 /* Products */ = {
			isa = PBXGroup;
			children = (
				F874CA931AF0393300B61687 /* libACTcpStream.a */,
				F81C94AA1AF0B20E008987F6 /* Example */,
				F81C94B51AF0C15E008987F6 /* libACTcpStream.a */,
			);
			name = Products;
			sourceTree = "<group>";
		};
		F874CA951AF0393300B61687 /* ACTcpStream */ = {
			isa = PBXGroup;
			children = (
				F874CA961AF0393300B61687 /* ACTcpStreamClient.h */,
				F874CA981AF0393300B61687 /* ACTcpStreamClient.m */,
			);
			path = ACTcpStream;
			sourceTree = "<group>";
		};
/* End PBXGroup section */

/* Begin PBXHeadersBuildPhase section */
		F81C94B31AF0C15E008987F6 /* Headers */ = {
			isa = PBXHeadersBuildPhase;
			buildActionMask = 2147483647;
			files = (
			);
			runOnlyForDeploymentPostprocessing = 0;
		};
/* End PBXHeadersBuildPhase section */

/* Begin PBXNativeTarget section */
		F81C94A91AF0B20E008987F6 /* Example */ = {
			isa = PBXNativeTarget;
			buildConfigurationList = F81C94B01AF0B20E008987F6 /* Build configuration list for PBXNativeTarget "Example" */;
			buildPhases = (
				F81C94A61AF0B20E008987F6 /* Sources */,
				F81C94A71AF0B20E008987F6 /* Frameworks */,
				F81C94A81AF0B20E008987F6 /* CopyFiles */,
			);
			buildRules = (
			);
			dependencies = (
			);
			name = Example;
			productName = Example;
			productReference = F81C94AA1AF0B20E008987F6 /* Example */;
			productType = "com.apple.product-type.tool";
		};
		F81C94B41AF0C15E008987F6 /* ACTcpStream-OSX */ = {
			isa = PBXNativeTarget;
			buildConfigurationList = F81C94C61AF0C15E008987F6 /* Build configuration list for PBXNativeTarget "ACTcpStream-OSX" */;
			buildPhases = (
				F81C94B11AF0C15E008987F6 /* Sources */,
				F81C94B21AF0C15E008987F6 /* Frameworks */,
				F81C94B31AF0C15E008987F6 /* Headers */,
			);
			buildRules = (
			);
			dependencies = (
			);
			name = "ACTcpStream-OSX";
			productName = ACTcpStream;
			productReference = F81C94B51AF0C15E008987F6 /* libACTcpStream.a */;
			productType = "com.apple.product-type.library.static";
		};
		F874CA921AF0393300B61687 /* ACTcpStream-iOS */ = {
			isa = PBXNativeTarget;
			buildConfigurationList = F874CAA71AF0393300B61687 /* Build configuration list for PBXNativeTarget "ACTcpStream-iOS" */;
			buildPhases = (
				F874CA8F1AF0393300B61687 /* Sources */,
				F874CA901AF0393300B61687 /* Frameworks */,
				F874CA911AF0393300B61687 /* CopyFiles */,
			);
			buildRules = (
			);
			dependencies = (
			);
			name = "ACTcpStream-iOS";
			productName = ACTcpStream;
			productReference = F874CA931AF0393300B61687 /* libACTcpStream.a */;
			productType = "com.apple.product-type.library.static";
		};
/* End PBXNativeTarget section */

/* Begin PBXProject section */
		F874CA8B1AF0393300B61687 /* Project object */ = {
			isa = PBXProject;
			attributes = {
				LastUpgradeCheck = 0630;
				ORGANIZATIONNAME = "appcom interactive GmbH";
				TargetAttributes = {
					F81C94A91AF0B20E008987F6 = {
						CreatedOnToolsVersion = 6.3.1;
					};
					F81C94B41AF0C15E008987F6 = {
						CreatedOnToolsVersion = 6.3.1;
					};
					F874CA921AF0393300B61687 = {
						CreatedOnToolsVersion = 6.3.1;
					};
				};
			};
			buildConfigurationList = F874CA8E1AF0393300B61687 /* Build configuration list for PBXProject "ACTcpStream" */;
			compatibilityVersion = "Xcode 3.2";
			developmentRegion = English;
			hasScannedForEncodings = 0;
			knownRegions = (
				en,
			);
			mainGroup = F874CA8A1AF0393300B61687;
			productRefGroup = F874CA941AF0393300B61687 /* Products */;
			projectDirPath = "";
			projectRoot = "";
			targets = (
				F874CA921AF0393300B61687 /* ACTcpStream-iOS */,
				F81C94B41AF0C15E008987F6 /* ACTcpStream-OSX */,
				F81C94A91AF0B20E008987F6 /* Example */,
			);
		};
/* End PBXProject section */

/* Begin PBXSourcesBuildPhase section */
		F81C94A61AF0B20E008987F6 /* Sources */ = {
			isa = PBXSourcesBuildPhase;
			buildActionMask = 2147483647;
			files = (
				F81C94AD1AF0B20E008987F6 /* main.m in Sources */,
				F81C94CD1AF0DE94008987F6 /* ACTcpStreamClient.m in Sources */,
			);
			runOnlyForDeploymentPostprocessing = 0;
		};
		F81C94B11AF0C15E008987F6 /* Sources */ = {
			isa = PBXSourcesBuildPhase;
			buildActionMask = 2147483647;
			files = (
				F81C94CC1AF0DE91008987F6 /* ACTcpStreamClient.m in Sources */,
			);
			runOnlyForDeploymentPostprocessing = 0;
		};
		F874CA8F1AF0393300B61687 /* Sources */ = {
			isa = PBXSourcesBuildPhase;
			buildActionMask = 2147483647;
			files = (
				F874CA991AF0393300B61687 /* ACTcpStreamClient.m in Sources */,
			);
			runOnlyForDeploymentPostprocessing = 0;
		};
/* End PBXSourcesBuildPhase section */

/* Begin XCBuildConfiguration section */
		F81C94AE1AF0B20E008987F6 /* Debug */ = {
			isa = XCBuildConfiguration;
			buildSettings = {
				CONFIGURATION_TEMP_DIR = "$(PROJECT_TEMP_DIR)/$(CONFIGURATION)$(EFFECTIVE_PLATFORM_NAME)";
				DEBUG_INFORMATION_FORMAT = dwarf;
				GCC_PREPROCESSOR_DEFINITIONS = (
					"DEBUG=1",
					"$(inherited)",
				);
				MACOSX_DEPLOYMENT_TARGET = 10.10;
				PRODUCT_NAME = "$(TARGET_NAME)";
				SDKROOT = macosx;
			};
			name = Debug;
		};
		F81C94AF1AF0B20E008987F6 /* Release */ = {
			isa = XCBuildConfiguration;
			buildSettings = {
				MACOSX_DEPLOYMENT_TARGET = 10.10;
				PRODUCT_NAME = "$(TARGET_NAME)";
				SDKROOT = macosx;
			};
			name = Release;
		};
		F81C94C71AF0C15E008987F6 /* Debug */ = {
			isa = XCBuildConfiguration;
			buildSettings = {
				DEBUG_INFORMATION_FORMAT = dwarf;
				EXECUTABLE_PREFIX = lib;
				GCC_PREPROCESSOR_DEFINITIONS = (
					"DEBUG=1",
					"$(inherited)",
				);
				MACOSX_DEPLOYMENT_TARGET = 10.10;
				PRODUCT_NAME = ACTcpStream;
				SDKROOT = macosx;
			};
			name = Debug;
		};
		F81C94C81AF0C15E008987F6 /* Release */ = {
			isa = XCBuildConfiguration;
			buildSettings = {
				EXECUTABLE_PREFIX = lib;
				MACOSX_DEPLOYMENT_TARGET = 10.10;
				PRODUCT_NAME = ACTcpStream;
				SDKROOT = macosx;
			};
			name = Release;
		};
		F874CAA51AF0393300B61687 /* Debug */ = {
			isa = XCBuildConfiguration;
			buildSettings = {
				ALWAYS_SEARCH_USER_PATHS = NO;
				CLANG_CXX_LANGUAGE_STANDARD = "gnu++0x";
				CLANG_CXX_LIBRARY = "libc++";
				CLANG_ENABLE_MODULES = YES;
				CLANG_ENABLE_OBJC_ARC = YES;
				CLANG_WARN_BOOL_CONVERSION = YES;
				CLANG_WARN_CONSTANT_CONVERSION = YES;
				CLANG_WARN_DIRECT_OBJC_ISA_USAGE = YES_ERROR;
				CLANG_WARN_EMPTY_BODY = YES;
				CLANG_WARN_ENUM_CONVERSION = YES;
				CLANG_WARN_INT_CONVERSION = YES;
				CLANG_WARN_OBJC_ROOT_CLASS = YES_ERROR;
				CLANG_WARN_UNREACHABLE_CODE = YES;
				CLANG_WARN__DUPLICATE_METHOD_MATCH = YES;
				COPY_PHASE_STRIP = NO;
				DEBUG_INFORMATION_FORMAT = "dwarf-with-dsym";
				ENABLE_STRICT_OBJC_MSGSEND = YES;
				GCC_C_LANGUAGE_STANDARD = gnu99;
				GCC_DYNAMIC_NO_PIC = NO;
				GCC_NO_COMMON_BLOCKS = YES;
				GCC_OPTIMIZATION_LEVEL = 0;
				GCC_PREPROCESSOR_DEFINITIONS = (
					"DEBUG=1",
					"$(inherited)",
				);
				GCC_SYMBOLS_PRIVATE_EXTERN = NO;
				GCC_WARN_64_TO_32_BIT_CONVERSION = YES;
				GCC_WARN_ABOUT_RETURN_TYPE = YES_ERROR;
				GCC_WARN_UNDECLARED_SELECTOR = YES;
				GCC_WARN_UNINITIALIZED_AUTOS = YES_AGGRESSIVE;
				GCC_WARN_UNUSED_FUNCTION = YES;
				GCC_WARN_UNUSED_VARIABLE = YES;
				IPHONEOS_DEPLOYMENT_TARGET = 8.3;
				MTL_ENABLE_DEBUG_INFO = YES;
				ONLY_ACTIVE_ARCH = YES;
				SDKROOT = iphoneos;
			};
			name = Debug;
		};
		F874CAA61AF0393300B61687 /* Release */ = {
			isa = XCBuildConfiguration;
			buildSettings = {
				ALWAYS_SEARCH_USER_PATHS = NO;
				CLANG_CXX_LANGUAGE_STANDARD = "gnu++0x";
				CLANG_CXX_LIBRARY = "libc++";
				CLANG_ENABLE_MODULES = YES;
				CLANG_ENABLE_OBJC_ARC = YES;
				CLANG_WARN_BOOL_CONVERSION = YES;
				CLANG_WARN_CONSTANT_CONVERSION = YES;
				CLANG_WARN_DIRECT_OBJC_ISA_USAGE = YES_ERROR;
				CLANG_WARN_EMPTY_BODY = YES;
				CLANG_WARN_ENUM_CONVERSION = YES;
				CLANG_WARN_INT_CONVERSION = YES;
				CLANG_WARN_OBJC_ROOT_CLASS = YES_ERROR;
				CLANG_WARN_UNREACHABLE_CODE = YES;
				CLANG_WARN__DUPLICATE_METHOD_MATCH = YES;
				COPY_PHASE_STRIP = NO;
				DEBUG_INFORMATION_FORMAT = "dwarf-with-dsym";
				ENABLE_NS_ASSERTIONS = NO;
				ENABLE_STRICT_OBJC_MSGSEND = YES;
				GCC_C_LANGUAGE_STANDARD = gnu99;
				GCC_NO_COMMON_BLOCKS = YES;
				GCC_WARN_64_TO_32_BIT_CONVERSION = YES;
				GCC_WARN_ABOUT_RETURN_TYPE = YES_ERROR;
				GCC_WARN_UNDECLARED_SELECTOR = YES;
				GCC_WARN_UNINITIALIZED_AUTOS = YES_AGGRESSIVE;
				GCC_WARN_UNUSED_FUNCTION = YES;
				GCC_WARN_UNUSED_VARIABLE = YES;
				IPHONEOS_DEPLOYMENT_TARGET = 8.3;
				MTL_ENABLE_DEBUG_INFO = NO;
				SDKROOT = iphoneos;
				VALIDATE_PRODUCT = YES;
			};
			name = Release;
		};
		F874CAA81AF0393300B61687 /* Debug */ = {
			isa = XCBuildConfiguration;
			buildSettings = {
				OTHER_LDFLAGS = "-ObjC";
				PRODUCT_NAME = ACTcpStream;
				SKIP_INSTALL = YES;
			};
			name = Debug;
		};
		F874CAA91AF0393300B61687 /* Release */ = {
			isa = XCBuildConfiguration;
			buildSettings = {
				OTHER_LDFLAGS = "-ObjC";
				PRODUCT_NAME = ACTcpStream;
				SKIP_INSTALL = YES;
			};
			name = Release;
		};
/* End XCBuildConfiguration section */

/* Begin XCConfigurationList section */
		F81C94B01AF0B20E008987F6 /* Build configuration list for PBXNativeTarget "Example" */ = {
			isa = XCConfigurationList;
			buildConfigurations = (
				F81C94AE1AF0B20E008987F6 /* Debug */,
				F81C94AF1AF0B20E008987F6 /* Release */,
			);
			defaultConfigurationIsVisible = 0;
		};
		F81C94C61AF0C15E008987F6 /* Build configuration list for PBXNativeTarget "ACTcpStream-OSX" */ = {
			isa = XCConfigurationList;
			buildConfigurations = (
				F81C94C71AF0C15E008987F6 /* Debug */,
				F81C94C81AF0C15E008987F6 /* Release */,
			);
			defaultConfigurationIsVisible = 0;
		};
		F874CA8E1AF0393300B61687 /* Build configuration list for PBXProject "ACTcpStream" */ = {
			isa = XCConfigurationList;
			buildConfigurations = (
				F874CAA51AF0393300B61687 /* Debug */,
				F874CAA61AF0393300B61687 /* Release */,
			);
			defaultConfigurationIsVisible = 0;
			defaultConfigurationName = Release;
		};
		F874CAA71AF0393300B61687 /* Build configuration list for PBXNativeTarget "ACTcpStream-iOS" */ = {
			isa = XCConfigurationList;
			buildConfigurations = (
				F874CAA81AF0393300B61687 /* Debug */,
				F874CAA91AF0393300B61687 /* Release */,
			);
			defaultConfigurationIsVisible = 0;
			defaultConfigurationName = Release;
		};
/* End XCConfigurationList section */
	};
	rootObject = F874CA8B1AF0393300B61687 /* Project object */;
}
